
Microsoft Visual Studio Solution File, Format Version 12.00
# Visual Studio Version 16
VisualStudioVersion = 16.0.30114.105
MinimumVisualStudioVersion = 10.0.40219.1
Project("{9A19103F-16F7-4668-BE54-9A1E7A4F7556}") = "IngaiaInterview.WebApi", "IngaiaInterview.WebApi\IngaiaInterview.WebApi.csproj", "{EC999EDC-BE12-41AA-B10A-6363285D1F55}"
EndProject
Project("{9A19103F-16F7-4668-BE54-9A1E7A4F7556}") = "IngaiaInterview.Application", "IngaiaInterview.Application\IngaiaInterview.Application.csproj", "{7E82D597-6DCE-46FE-A01C-74A71106D357}"
EndProject
Project("{FAE04EC0-301F-11D3-BF4B-00C04F79EFBC}") = "IngaiaInterview.Domain", "IngaiaInterview.Domain\IngaiaInterview.Domain.csproj", "{1AB27E34-6F1B-46F1-82BF-6857B01C4769}"
EndProject
Project("{FAE04EC0-301F-11D3-BF4B-00C04F79EFBC}") = "IngaiaInterview.Infrastructure", "IngaiaInterview.Infrastructure\IngaiaInterview.Infrastructure.csproj", "{A19D1416-B903-4D6E-9324-63D076608CC4}"
EndProject
Project("{FAE04EC0-301F-11D3-BF4B-00C04F79EFBC}") = "IngaiaInterview.Repository", "IngaiaInterview.Repository\IngaiaInterview.Repository.csproj", "{0DADF20B-248F-4390-BEB7-4F4E1AE965DA}"
EndProject
Global
	GlobalSection(SolutionConfigurationPlatforms) = preSolution
		Debug|Any CPU = Debug|Any CPU
		Release|Any CPU = Release|Any CPU
	EndGlobalSection
	GlobalSection(ProjectConfigurationPlatforms) = postSolution
		{EC999EDC-BE12-41AA-B10A-6363285D1F55}.Debug|Any CPU.ActiveCfg = Debug|Any CPU
		{EC999EDC-BE12-41AA-B10A-6363285D1F55}.Debug|Any CPU.Build.0 = Debug|Any CPU
		{EC999EDC-BE12-41AA-B10A-6363285D1F55}.Release|Any CPU.ActiveCfg = Release|Any CPU
		{EC999EDC-BE12-41AA-B10A-6363285D1F55}.Release|Any CPU.Build.0 = Release|Any CPU
		{7E82D597-6DCE-46FE-A01C-74A71106D357}.Debug|Any CPU.ActiveCfg = Debug|Any CPU
		{7E82D597-6DCE-46FE-A01C-74A71106D357}.Debug|Any CPU.Build.0 = Debug|Any CPU
		{7E82D597-6DCE-46FE-A01C-74A71106D357}.Release|Any CPU.ActiveCfg = Release|Any CPU
		{7E82D597-6DCE-46FE-A01C-74A71106D357}.Release|Any CPU.Build.0 = Release|Any CPU
		{1AB27E34-6F1B-46F1-82BF-6857B01C4769}.Debug|Any CPU.ActiveCfg = Debug|Any CPU
		{1AB27E34-6F1B-46F1-82BF-6857B01C4769}.Debug|Any CPU.Build.0 = Debug|Any CPU
		{1AB27E34-6F1B-46F1-82BF-6857B01C4769}.Release|Any CPU.ActiveCfg = Release|Any CPU
		{1AB27E34-6F1B-46F1-82BF-6857B01C4769}.Release|Any CPU.Build.0 = Release|Any CPU
		{A19D1416-B903-4D6E-9324-63D076608CC4}.Debug|Any CPU.ActiveCfg = Debug|Any CPU
		{A19D1416-B903-4D6E-9324-63D076608CC4}.Debug|Any CPU.Build.0 = Debug|Any CPU
		{A19D1416-B903-4D6E-9324-63D076608CC4}.Release|Any CPU.ActiveCfg = Release|Any CPU
		{A19D1416-B903-4D6E-9324-63D076608CC4}.Release|Any CPU.Build.0 = Release|Any CPU
		{0DADF20B-248F-4390-BEB7-4F4E1AE965DA}.Debug|Any CPU.ActiveCfg = Debug|Any CPU
		{0DADF20B-248F-4390-BEB7-4F4E1AE965DA}.Debug|Any CPU.Build.0 = Debug|Any CPU
		{0DADF20B-248F-4390-BEB7-4F4E1AE965DA}.Release|Any CPU.ActiveCfg = Release|Any CPU
		{0DADF20B-248F-4390-BEB7-4F4E1AE965DA}.Release|Any CPU.Build.0 = Release|Any CPU
	EndGlobalSection
	GlobalSection(SolutionProperties) = preSolution
		HideSolutionNode = FALSE
	EndGlobalSection
	GlobalSection(ExtensibilityGlobals) = postSolution
		SolutionGuid = {C06E5ACC-9C74-41FA-A401-9A370669DC32}
	EndGlobalSection
EndGlobal
